
Microsoft Visual Studio Solution File, Format Version 12.00
# Visual Studio Version 17
VisualStudioVersion = 17.0.31912.275
MinimumVisualStudioVersion = 10.0.40219.1
Project("{FAE04EC0-301F-11D3-BF4B-00C04F79EFBC}") = "StackAndQueue", "StackAndQueue\StackAndQueue.csproj", "{99E80B40-9672-4AF4-8E69-F60EF9FBA982}"
EndProject
Global
	GlobalSection(SolutionConfigurationPlatforms) = preSolution
		Debug|Any CPU = Debug|Any CPU
		Release|Any CPU = Release|Any CPU
	EndGlobalSection
	GlobalSection(ProjectConfigurationPlatforms) = postSolution
		{99E80B40-9672-4AF4-8E69-F60EF9FBA982}.Debug|Any CPU.ActiveCfg = Debug|Any CPU
		{99E80B40-9672-4AF4-8E69-F60EF9FBA982}.Debug|Any CPU.Build.0 = Debug|Any CPU
		{99E80B40-9672-4AF4-8E69-F60EF9FBA982}.Release|Any CPU.ActiveCfg = Release|Any CPU
		{99E80B40-9672-4AF4-8E69-F60EF9FBA982}.Release|Any CPU.Build.0 = Release|Any CPU
	EndGlobalSection
	GlobalSection(SolutionProperties) = preSolution
		HideSolutionNode = FALSE
	EndGlobalSection
	GlobalSection(ExtensibilityGlobals) = postSolution
		SolutionGuid = {0D7400AD-6D98-4981-BFD5-258D6E29EA5C}
	EndGlobalSection
EndGlobal
